// !$*UTF8*$!
{
	archiveVersion = 1;
	classes = {
	};
	objectVersion = 46;
	objects = {

/* Begin PBXBuildFile section */
		4684F23B1CD9C2E2004612E0 /* KVNavigationBar.swift in Sources */ = {isa = PBXBuildFile; fileRef = 4684F23A1CD9C2E2004612E0 /* KVNavigationBar.swift */; };
		4684F23D1CD9C3DC004612E0 /* KVTabBarButton.swift in Sources */ = {isa = PBXBuildFile; fileRef = 4684F23C1CD9C3DC004612E0 /* KVTabBarButton.swift */; };
		46A37B291CD8490A00F09B1C /* AppDelegate.swift in Sources */ = {isa = PBXBuildFile; fileRef = 46A37B281CD8490A00F09B1C /* AppDelegate.swift */; };
		46A37B2B1CD8490A00F09B1C /* ViewController.swift in Sources */ = {isa = PBXBuildFile; fileRef = 46A37B2A1CD8490A00F09B1C /* ViewController.swift */; };
		46A37B2E1CD8490A00F09B1C /* Main.storyboard in Resources */ = {isa = PBXBuildFile; fileRef = 46A37B2C1CD8490A00F09B1C /* Main.storyboard */; };
		46A37B301CD8490A00F09B1C /* Assets.xcassets in Resources */ = {isa = PBXBuildFile; fileRef = 46A37B2F1CD8490A00F09B1C /* Assets.xcassets */; };
		46A37B331CD8490A00F09B1C /* LaunchScreen.storyboard in Resources */ = {isa = PBXBuildFile; fileRef = 46A37B311CD8490A00F09B1C /* LaunchScreen.storyboard */; };
		46A37B3B1CD84C8D00F09B1C /* tabBarController.swift in Sources */ = {isa = PBXBuildFile; fileRef = 46A37B3A1CD84C8D00F09B1C /* tabBarController.swift */; };
		46A37B441CD84F6C00F09B1C /* HomeViewController.swift in Sources */ = {isa = PBXBuildFile; fileRef = 46A37B431CD84F6C00F09B1C /* HomeViewController.swift */; };
		46A37B461CD84F7B00F09B1C /* HotViewController.swift in Sources */ = {isa = PBXBuildFile; fileRef = 46A37B451CD84F7B00F09B1C /* HotViewController.swift */; };
		46A37B481CD851EF00F09B1C /* NavigationController.swift in Sources */ = {isa = PBXBuildFile; fileRef = 46A37B471CD851EF00F09B1C /* NavigationController.swift */; };
		46A37B4A1CD8548400F09B1C /* meViewController.swift in Sources */ = {isa = PBXBuildFile; fileRef = 46A37B491CD8548400F09B1C /* meViewController.swift */; };
		46A37B4C1CD8549900F09B1C /* CategoryViewController.swift in Sources */ = {isa = PBXBuildFile; fileRef = 46A37B4B1CD8549900F09B1C /* CategoryViewController.swift */; };
/* End PBXBuildFile section */

/* Begin PBXFileReference section */
		4684F23A1CD9C2E2004612E0 /* KVNavigationBar.swift */ = {isa = PBXFileReference; fileEncoding = 4; lastKnownFileType = sourcecode.swift; path = KVNavigationBar.swift; sourceTree = "<group>"; };
		4684F23C1CD9C3DC004612E0 /* KVTabBarButton.swift */ = {isa = PBXFileReference; fileEncoding = 4; lastKnownFileType = sourcecode.swift; path = KVTabBarButton.swift; sourceTree = "<group>"; };
		46A37B251CD8490A00F09B1C /* GiftTalk_swift.app */ = {isa = PBXFileReference; explicitFileType = wrapper.application; includeInIndex = 0; path = GiftTalk_swift.app; sourceTree = BUILT_PRODUCTS_DIR; };
		46A37B281CD8490A00F09B1C /* AppDelegate.swift */ = {isa = PBXFileReference; lastKnownFileType = sourcecode.swift; path = AppDelegate.swift; sourceTree = "<group>"; };
		46A37B2A1CD8490A00F09B1C /* ViewController.swift */ = {isa = PBXFileReference; lastKnownFileType = sourcecode.swift; path = ViewController.swift; sourceTree = "<group>"; };
		46A37B2D1CD8490A00F09B1C /* Base */ = {isa = PBXFileReference; lastKnownFileType = file.storyboard; name = Base; path = Base.lproj/Main.storyboard; sourceTree = "<group>"; };
		46A37B2F1CD8490A00F09B1C /* Assets.xcassets */ = {isa = PBXFileReference; lastKnownFileType = folder.assetcatalog; path = Assets.xcassets; sourceTree = "<group>"; };
		46A37B321CD8490A00F09B1C /* Base */ = {isa = PBXFileReference; lastKnownFileType = file.storyboard; name = Base; path = Base.lproj/LaunchScreen.storyboard; sourceTree = "<group>"; };
		46A37B341CD8490A00F09B1C /* Info.plist */ = {isa = PBXFileReference; lastKnownFileType = text.plist.xml; path = Info.plist; sourceTree = "<group>"; };
		46A37B3A1CD84C8D00F09B1C /* tabBarController.swift */ = {isa = PBXFileReference; fileEncoding = 4; lastKnownFileType = sourcecode.swift; name = tabBarController.swift; path = ../tabBarController.swift; sourceTree = "<group>"; };
		46A37B431CD84F6C00F09B1C /* HomeViewController.swift */ = {isa = PBXFileReference; fileEncoding = 4; lastKnownFileType = sourcecode.swift; name = HomeViewController.swift; path = "../分类/HomeViewController.swift"; sourceTree = "<group>"; };
		46A37B451CD84F7B00F09B1C /* HotViewController.swift */ = {isa = PBXFileReference; fileEncoding = 4; lastKnownFileType = sourcecode.swift; path = HotViewController.swift; sourceTree = "<group>"; };
		46A37B471CD851EF00F09B1C /* NavigationController.swift */ = {isa = PBXFileReference; fileEncoding = 4; lastKnownFileType = sourcecode.swift; path = NavigationController.swift; sourceTree = "<group>"; };
		46A37B491CD8548400F09B1C /* meViewController.swift */ = {isa = PBXFileReference; fileEncoding = 4; lastKnownFileType = sourcecode.swift; path = meViewController.swift; sourceTree = "<group>"; };
		46A37B4B1CD8549900F09B1C /* CategoryViewController.swift */ = {isa = PBXFileReference; fileEncoding = 4; lastKnownFileType = sourcecode.swift; path = CategoryViewController.swift; sourceTree = "<group>"; };
/* End PBXFileReference section */

/* Begin PBXFrameworksBuildPhase section */
		46A37B221CD8490A00F09B1C /* Frameworks */ = {
			isa = PBXFrameworksBuildPhase;
			buildActionMask = 2147483647;
			files = (
			);
			runOnlyForDeploymentPostprocessing = 0;
		};
/* End PBXFrameworksBuildPhase section */

/* Begin PBXGroup section */
		46A37B1C1CD8490A00F09B1C = {
			isa = PBXGroup;
			children = (
				46A37B271CD8490A00F09B1C /* GiftTalk_swift */,
				46A37B261CD8490A00F09B1C /* Products */,
			);
			sourceTree = "<group>";
		};
		46A37B261CD8490A00F09B1C /* Products */ = {
			isa = PBXGroup;
			children = (
				46A37B251CD8490A00F09B1C /* GiftTalk_swift.app */,
			);
			name = Products;
			sourceTree = "<group>";
		};
		46A37B271CD8490A00F09B1C /* GiftTalk_swift */ = {
			isa = PBXGroup;
			children = (
				46A37B3D1CD84EAD00F09B1C /* 分类 */,
				46A37B3E1CD84EAD00F09B1C /* 热门 */,
				46A37B3F1CD84EAD00F09B1C /* 首页 */,
				46A37B401CD84EAD00F09B1C /* 我 */,
				46A37B411CD84EAD00F09B1C /* main */,
				46A37B421CD84EAD00F09B1C /* other */,
				46A37B281CD8490A00F09B1C /* AppDelegate.swift */,
				46A37B2A1CD8490A00F09B1C /* ViewController.swift */,
				46A37B2C1CD8490A00F09B1C /* Main.storyboard */,
				46A37B2F1CD8490A00F09B1C /* Assets.xcassets */,
				46A37B311CD8490A00F09B1C /* LaunchScreen.storyboard */,
				46A37B341CD8490A00F09B1C /* Info.plist */,
			);
			path = GiftTalk_swift;
			sourceTree = "<group>";
		};
		46A37B3D1CD84EAD00F09B1C /* 分类 */ = {
			isa = PBXGroup;
			children = (
				46A37B4B1CD8549900F09B1C /* CategoryViewController.swift */,
			);
			path = "分类";
			sourceTree = "<group>";
		};
		46A37B3E1CD84EAD00F09B1C /* 热门 */ = {
			isa = PBXGroup;
			children = (
				46A37B451CD84F7B00F09B1C /* HotViewController.swift */,
			);
			path = "热门";
			sourceTree = "<group>";
		};
		46A37B3F1CD84EAD00F09B1C /* 首页 */ = {
			isa = PBXGroup;
			children = (
				46A37B431CD84F6C00F09B1C /* HomeViewController.swift */,
			);
			path = "首页";
			sourceTree = "<group>";
		};
		46A37B401CD84EAD00F09B1C /* 我 */ = {
			isa = PBXGroup;
			children = (
				46A37B491CD8548400F09B1C /* meViewController.swift */,
			);
			path = "我";
			sourceTree = "<group>";
		};
		46A37B411CD84EAD00F09B1C /* main */ = {
			isa = PBXGroup;
			children = (
				46A37B3A1CD84C8D00F09B1C /* tabBarController.swift */,
				46A37B471CD851EF00F09B1C /* NavigationController.swift */,
				4684F23A1CD9C2E2004612E0 /* KVNavigationBar.swift */,
				4684F23C1CD9C3DC004612E0 /* KVTabBarButton.swift */,
			);
			path = main;
			sourceTree = "<group>";
		};
		46A37B421CD84EAD00F09B1C /* other */ = {
			isa = PBXGroup;
			children = (
			);
			path = other;
			sourceTree = "<group>";
		};
/* End PBXGroup section */

/* Begin PBXNativeTarget section */
		46A37B241CD8490A00F09B1C /* GiftTalk_swift */ = {
			isa = PBXNativeTarget;
			buildConfigurationList = 46A37B371CD8490A00F09B1C /* Build configuration list for PBXNativeTarget "GiftTalk_swift" */;
			buildPhases = (
				46A37B211CD8490A00F09B1C /* Sources */,
				46A37B221CD8490A00F09B1C /* Frameworks */,
				46A37B231CD8490A00F09B1C /* Resources */,
			);
			buildRules = (
			);
			dependencies = (
			);
			name = GiftTalk_swift;
			productName = GiftTalk_swift;
			productReference = 46A37B251CD8490A00F09B1C /* GiftTalk_swift.app */;
			productType = "com.apple.product-type.application";
		};
/* End PBXNativeTarget section */

/* Begin PBXProject section */
		46A37B1D1CD8490A00F09B1C /* Project object */ = {
			isa = PBXProject;
			attributes = {
				LastSwiftUpdateCheck = 0720;
				LastUpgradeCheck = 0720;
				ORGANIZATIONNAME = cckv;
				TargetAttributes = {
					46A37B241CD8490A00F09B1C = {
						CreatedOnToolsVersion = 7.2;
						DevelopmentTeam = HS58VJDYA7;
					};
				};
			};
			buildConfigurationList = 46A37B201CD8490A00F09B1C /* Build configuration list for PBXProject "GiftTalk_swift" */;
			compatibilityVersion = "Xcode 3.2";
			developmentRegion = English;
			hasScannedForEncodings = 0;
			knownRegions = (
				en,
				Base,
			);
			mainGroup = 46A37B1C1CD8490A00F09B1C;
			productRefGroup = 46A37B261CD8490A00F09B1C /* Products */;
			projectDirPath = "";
			projectRoot = "";
			targets = (
				46A37B241CD8490A00F09B1C /* GiftTalk_swift */,
			);
		};
/* End PBXProject section */

/* Begin PBXResourcesBuildPhase section */
		46A37B231CD8490A00F09B1C /* Resources */ = {
			isa = PBXResourcesBuildPhase;
			buildActionMask = 2147483647;
			files = (
				46A37B331CD8490A00F09B1C /* LaunchScreen.storyboard in Resources */,
				46A37B301CD8490A00F09B1C /* Assets.xcassets in Resources */,
				46A37B2E1CD8490A00F09B1C /* Main.storyboard in Resources */,
			);
			runOnlyForDeploymentPostprocessing = 0;
		};
/* End PBXResourcesBuildPhase section */

/* Begin PBXSourcesBuildPhase section */
		46A37B211CD8490A00F09B1C /* Sources */ = {
			isa = PBXSourcesBuildPhase;
			buildActionMask = 2147483647;
			files = (
				46A37B4A1CD8548400F09B1C /* meViewController.swift in Sources */,
				46A37B461CD84F7B00F09B1C /* HotViewController.swift in Sources */,
				46A37B481CD851EF00F09B1C /* NavigationController.swift in Sources */,
				46A37B2B1CD8490A00F09B1C /* ViewController.swift in Sources */,
				4684F23D1CD9C3DC004612E0 /* KVTabBarButton.swift in Sources */,
				46A37B4C1CD8549900F09B1C /* CategoryViewController.swift in Sources */,
				46A37B3B1CD84C8D00F09B1C /* tabBarController.swift in Sources */,
				46A37B291CD8490A00F09B1C /* AppDelegate.swift in Sources */,
				4684F23B1CD9C2E2004612E0 /* KVNavigationBar.swift in Sources */,
				46A37B441CD84F6C00F09B1C /* HomeViewController.swift in Sources */,
			);
			runOnlyForDeploymentPostprocessing = 0;
		};
/* End PBXSourcesBuildPhase section */

/* Begin PBXVariantGroup section */
		46A37B2C1CD8490A00F09B1C /* Main.storyboard */ = {
			isa = PBXVariantGroup;
			children = (
				46A37B2D1CD8490A00F09B1C /* Base */,
			);
			name = Main.storyboard;
			sourceTree = "<group>";
		};
		46A37B311CD8490A00F09B1C /* LaunchScreen.storyboard */ = {
			isa = PBXVariantGroup;
			children = (
				46A37B321CD8490A00F09B1C /* Base */,
			);
			name = LaunchScreen.storyboard;
			sourceTree = "<group>";
		};
/* End PBXVariantGroup section */

/* Begin XCBuildConfiguration section */
		46A37B351CD8490A00F09B1C /* Debug */ = {
			isa = XCBuildConfiguration;
			buildSettings = {
				ALWAYS_SEARCH_USER_PATHS = NO;
				CLANG_CXX_LANGUAGE_STANDARD = "gnu++0x";
				CLANG_CXX_LIBRARY = "libc++";
				CLANG_ENABLE_MODULES = YES;
				CLANG_ENABLE_OBJC_ARC = YES;
				CLANG_WARN_BOOL_CONVERSION = YES;
				CLANG_WARN_CONSTANT_CONVERSION = YES;
				CLANG_WARN_DIRECT_OBJC_ISA_USAGE = YES_ERROR;
				CLANG_WARN_EMPTY_BODY = YES;
				CLANG_WARN_ENUM_CONVERSION = YES;
				CLANG_WARN_INT_CONVERSION = YES;
				CLANG_WARN_OBJC_ROOT_CLASS = YES_ERROR;
				CLANG_WARN_UNREACHABLE_CODE = YES;
				CLANG_WARN__DUPLICATE_METHOD_MATCH = YES;
				"CODE_SIGN_IDENTITY[sdk=iphoneos*]" = "iPhone Developer";
				COPY_PHASE_STRIP = NO;
				DEBUG_INFORMATION_FORMAT = dwarf;
				ENABLE_STRICT_OBJC_MSGSEND = YES;
				ENABLE_TESTABILITY = YES;
				GCC_C_LANGUAGE_STANDARD = gnu99;
				GCC_DYNAMIC_NO_PIC = NO;
				GCC_NO_COMMON_BLOCKS = YES;
				GCC_OPTIMIZATION_LEVEL = 0;
				GCC_PREPROCESSOR_DEFINITIONS = (
					"DEBUG=1",
					"$(inherited)",
				);
				GCC_WARN_64_TO_32_BIT_CONVERSION = YES;
				GCC_WARN_ABOUT_RETURN_TYPE = YES_ERROR;
				GCC_WARN_UNDECLARED_SELECTOR = YES;
				GCC_WARN_UNINITIALIZED_AUTOS = YES_AGGRESSIVE;
				GCC_WARN_UNUSED_FUNCTION = YES;
				GCC_WARN_UNUSED_VARIABLE = YES;
				IPHONEOS_DEPLOYMENT_TARGET = 9.2;
				MTL_ENABLE_DEBUG_INFO = YES;
				ONLY_ACTIVE_ARCH = YES;
				SDKROOT = iphoneos;
				SWIFT_OPTIMIZATION_LEVEL = "-Onone";
			};
			name = Debug;
		};
		46A37B361CD8490A00F09B1C /* Release */ = {
			isa = XCBuildConfiguration;
			buildSettings = {
				ALWAYS_SEARCH_USER_PATHS = NO;
				CLANG_CXX_LANGUAGE_STANDARD = "gnu++0x";
				CLANG_CXX_LIBRARY = "libc++";
				CLANG_ENABLE_MODULES = YES;
				CLANG_ENABLE_OBJC_ARC = YES;
				CLANG_WARN_BOOL_CONVERSION = YES;
				CLANG_WARN_CONSTANT_CONVERSION = YES;
				CLANG_WARN_DIRECT_OBJC_ISA_USAGE = YES_ERROR;
				CLANG_WARN_EMPTY_BODY = YES;
				CLANG_WARN_ENUM_CONVERSION = YES;
				CLANG_WARN_INT_CONVERSION = YES;
				CLANG_WARN_OBJC_ROOT_CLASS = YES_ERROR;
				CLANG_WARN_UNREACHABLE_CODE = YES;
				CLANG_WARN__DUPLICATE_METHOD_MATCH = YES;
				"CODE_SIGN_IDENTITY[sdk=iphoneos*]" = "iPhone Developer";
				COPY_PHASE_STRIP = NO;
				DEBUG_INFORMATION_FORMAT = "dwarf-with-dsym";
				ENABLE_NS_ASSERTIONS = NO;
				ENABLE_STRICT_OBJC_MSGSEND = YES;
				GCC_C_LANGUAGE_STANDARD = gnu99;
				GCC_NO_COMMON_BLOCKS = YES;
				GCC_WARN_64_TO_32_BIT_CONVERSION = YES;
				GCC_WARN_ABOUT_RETURN_TYPE = YES_ERROR;
				GCC_WARN_UNDECLARED_SELECTOR = YES;
				GCC_WARN_UNINITIALIZED_AUTOS = YES_AGGRESSIVE;
				GCC_WARN_UNUSED_FUNCTION = YES;
				GCC_WARN_UNUSED_VARIABLE = YES;
				IPHONEOS_DEPLOYMENT_TARGET = 9.2;
				MTL_ENABLE_DEBUG_INFO = NO;
				SDKROOT = iphoneos;
				VALIDATE_PRODUCT = YES;
			};
			name = Release;
		};
		46A37B381CD8490A00F09B1C /* Debug */ = {
			isa = XCBuildConfiguration;
			buildSettings = {
				ASSETCATALOG_COMPILER_APPICON_NAME = AppIcon;
				INFOPLIST_FILE = GiftTalk_swift/Info.plist;
				LD_RUNPATH_SEARCH_PATHS = "$(inherited) @executable_path/Frameworks";
				PRODUCT_BUNDLE_IDENTIFIER = "OpenCom.cckv.GiftTalk-swift";
				PRODUCT_NAME = "$(TARGET_NAME)";
			};
			name = Debug;
		};
		46A37B391CD8490A00F09B1C /* Release */ = {
			isa = XCBuildConfiguration;
			buildSettings = {
				ASSETCATALOG_COMPILER_APPICON_NAME = AppIcon;
				INFOPLIST_FILE = GiftTalk_swift/Info.plist;
				LD_RUNPATH_SEARCH_PATHS = "$(inherited) @executable_path/Frameworks";
				PRODUCT_BUNDLE_IDENTIFIER = "OpenCom.cckv.GiftTalk-swift";
				PRODUCT_NAME = "$(TARGET_NAME)";
			};
			name = Release;
		};
/* End XCBuildConfiguration section */

/* Begin XCConfigurationList section */
		46A37B201CD8490A00F09B1C /* Build configuration list for PBXProject "GiftTalk_swift" */ = {
			isa = XCConfigurationList;
			buildConfigurations = (
				46A37B351CD8490A00F09B1C /* Debug */,
				46A37B361CD8490A00F09B1C /* Release */,
			);
			defaultConfigurationIsVisible = 0;
			defaultConfigurationName = Release;
		};
		46A37B371CD8490A00F09B1C /* Build configuration list for PBXNativeTarget "GiftTalk_swift" */ = {
			isa = XCConfigurationList;
			buildConfigurations = (
				46A37B381CD8490A00F09B1C /* Debug */,
				46A37B391CD8490A00F09B1C /* Release */,
			);
			defaultConfigurationIsVisible = 0;
			defaultConfigurationName = Release;
		};
/* End XCConfigurationList section */
	};
	rootObject = 46A37B1D1CD8490A00F09B1C /* Project object */;
}
